
Microsoft Visual Studio Solution File, Format Version 12.00
# Visual Studio Version 16
VisualStudioVersion = 16.0.30611.23
MinimumVisualStudioVersion = 10.0.40219.1
Project("{FAE04EC0-301F-11D3-BF4B-00C04F79EFBC}") = "Cinema WebSite", "Cinema WebSite\Cinema WebSite.csproj", "{AC4B0C88-808C-4EF4-9AE5-0BC2942008B6}"
EndProject
Global
	GlobalSection(SolutionConfigurationPlatforms) = preSolution
		Debug|Any CPU = Debug|Any CPU
		Release|Any CPU = Release|Any CPU
	EndGlobalSection
	GlobalSection(ProjectConfigurationPlatforms) = postSolution
		{AC4B0C88-808C-4EF4-9AE5-0BC2942008B6}.Debug|Any CPU.ActiveCfg = Debug|Any CPU
		{AC4B0C88-808C-4EF4-9AE5-0BC2942008B6}.Debug|Any CPU.Build.0 = Debug|Any CPU
		{AC4B0C88-808C-4EF4-9AE5-0BC2942008B6}.Release|Any CPU.ActiveCfg = Release|Any CPU
		{AC4B0C88-808C-4EF4-9AE5-0BC2942008B6}.Release|Any CPU.Build.0 = Release|Any CPU
	EndGlobalSection
	GlobalSection(SolutionProperties) = preSolution
		HideSolutionNode = FALSE
	EndGlobalSection
	GlobalSection(ExtensibilityGlobals) = postSolution
		SolutionGuid = {4C0EBBBD-9033-4624-BE23-37A93E69CF1E}
	EndGlobalSection
EndGlobal
